{
    "_meta": {
        "hash": {
            "sha256": "d87c5101c00c8194159cce3e0243f4fa12341b4265c9bbd99cdb930c7b681b07"
        },
        "pipfile-spec": 6,
        "requires": {
            "python_version": "3.10"
        },
        "sources": [
            {
                "name": "pypi",
                "url": "https://pypi.org/simple",
                "verify_ssl": true
            }
        ]
    },
    "default": {
        "brotli": {
            "hashes": [
                "sha256:160c78292e98d21e73a4cc7f76a234390e516afcd982fa17e1422f7c6a9ce9c8",
                "sha256:16d528a45c2e1909c2798f27f7bf0a3feec1dc9e50948e738b961618e38b6a7b",
                "sha256:19598ecddd8a212aedb1ffa15763dd52a388518c4550e615aed88dc3753c0f0c",
                "sha256:1c48472a6ba3b113452355b9af0a60da5c2ae60477f8feda8346f8fd48e3e87c",
                "sha256:268fe94547ba25b58ebc724680609c8ee3e5a843202e9a381f6f9c5e8bdb5c70",
                "sha256:269a5743a393c65db46a7bb982644c67ecba4b8d91b392403ad8a861ba6f495f",
                "sha256:26d168aac4aaec9a4394221240e8a5436b5634adc3cd1cdf637f6645cecbf181",
                "sha256:29d1d350178e5225397e28ea1b7aca3648fcbab546d20e7475805437bfb0a130",
                "sha256:2aad0e0baa04517741c9bb5b07586c642302e5fb3e75319cb62087bd0995ab19",
                "sha256:35a3edbe18e876e596553c4007a087f8bcfd538f19bc116917b3c7522fca0429",
                "sha256:3b78a24b5fd13c03ee2b7b86290ed20efdc95da75a3557cc06811764d5ad1126",
                "sha256:40d15c79f42e0a2c72892bf407979febd9cf91f36f495ffb333d1d04cebb34e4",
                "sha256:44bb8ff420c1d19d91d79d8c3574b8954288bdff0273bf788954064d260d7ab0",
                "sha256:4d1b810aa0ed773f81dceda2cc7b403d01057458730e309856356d4ef4188438",
                "sha256:503fa6af7da9f4b5780bb7e4cbe0c639b010f12be85d02c99452825dd0feef3f",
                "sha256:56d027eace784738457437df7331965473f2c0da2c70e1a1f6fdbae5402e0389",
                "sha256:5913a1177fc36e30fcf6dc868ce23b0453952c78c04c266d3149b3d39e1410d6",
                "sha256:5b6ef7d9f9c38292df3690fe3e302b5b530999fa90014853dcd0d6902fb59f26",
                "sha256:5cb1e18167792d7d21e21365d7650b72d5081ed476123ff7b8cac7f45189c0c7",
                "sha256:61a7ee1f13ab913897dac7da44a73c6d44d48a4adff42a5701e3239791c96e14",
                "sha256:622a231b08899c864eb87e85f81c75e7b9ce05b001e59bbfbf43d4a71f5f32b2",
                "sha256:68715970f16b6e92c574c30747c95cf8cf62804569647386ff032195dc89a430",
                "sha256:6b2ae9f5f67f89aade1fab0f7fd8f2832501311c363a21579d02defa844d9296",
                "sha256:6c772d6c0a79ac0f414a9f8947cc407e119b8598de7621f39cacadae3cf57d12",
                "sha256:76ffebb907bec09ff511bb3acc077695e2c32bc2142819491579a695f77ffd4d",
                "sha256:7cb81373984cc0e4682f31bc3d6be9026006d96eecd07ea49aafb06897746452",
                "sha256:7ee83d3e3a024a9618e5be64648d6d11c37047ac48adff25f12fa4226cf23d1c",
                "sha256:854c33dad5ba0fbd6ab69185fec8dab89e13cda6b7d191ba111987df74f38761",
                "sha256:87fdccbb6bb589095f413b1e05734ba492c962b4a45a13ff3408fa44ffe6479b",
                "sha256:88c63a1b55f352b02c6ffd24b15ead9fc0e8bf781dbe070213039324922a2eea",
                "sha256:8a674ac10e0a87b683f4fa2b6fa41090edfd686a6524bd8dedbd6138b309175c",
                "sha256:93130612b837103e15ac3f9cbacb4613f9e348b58b3aad53721d92e57f96d46a",
                "sha256:9744a863b489c79a73aba014df554b0e7a0fc44ef3f8a0ef2a52919c7d155031",
                "sha256:9749a124280a0ada4187a6cfd1ffd35c350fb3af79c706589d98e088c5044267",
                "sha256:97f715cf371b16ac88b8c19da00029804e20e25f30d80203417255d239f228b5",
                "sha256:9bf919756d25e4114ace16a8ce91eb340eb57a08e2c6950c3cebcbe3dff2a5e7",
                "sha256:9d12cf2851759b8de8ca5fde36a59c08210a97ffca0eb94c532ce7b17c6a3d1d",
                "sha256:a72661af47119a80d82fa583b554095308d6a4c356b2a554fdc2799bc19f2a43",
                "sha256:afde17ae04d90fbe53afb628f7f2d4ca022797aa093e809de5c3cf276f61bbfa",
                "sha256:b663f1e02de5d0573610756398e44c130add0eb9a3fc912a09665332942a2efb",
                "sha256:c2415d9d082152460f2bd4e382a1e85aed233abc92db5a3880da2257dc7daf7b",
                "sha256:c83aa123d56f2e060644427a882a36b3c12db93727ad7a7b9efd7d7f3e9cc2c4",
                "sha256:cfc391f4429ee0a9370aa93d812a52e1fee0f37a81861f4fdd1f4fb28e8547c3",
                "sha256:db844eb158a87ccab83e868a762ea8024ae27337fc7ddcbfcddd157f841fdfe7",
                "sha256:defed7ea5f218a9f2336301e6fd379f55c655bea65ba2476346340a0ce6f74a1",
                "sha256:e16eb9541f3dd1a3e92b89005e37b1257b157b7256df0e36bd7b33b50be73bcb",
                "sha256:f909bbbc433048b499cb9db9e713b5d8d949e8c109a2a548502fb9aa8630f0b1"
            ],
            "version": "==1.0.9"
        },
        "etcpak": {
            "hashes": [
                "sha256:093d24bbbb80814590223dc75f7977cbdbd5f257f5519d5dee5650b15e5fbe64",
                "sha256:0b02de1ed32b9260cec647ef67a11c6d0ef4a9a6c5be3936d9bc3dfbc767bfa4",
                "sha256:0d04ee98f5ceb65d70dbf9c9891f63db40c836e88c6cfb5b0516b17ec63a1d77",
                "sha256:0e758bb2481e3e8dee62d650d48489343ef2eed9fcb475ad45c58d4e0d6d0cb2",
                "sha256:10e13bfbe8ef124108ed03cde8ac13fc1e5bc5c69ed0c001f1389ba105560269",
                "sha256:1542489254bb0adf8da6fbe743265f5fb10876ace8bede153861b5be25302fc4",
                "sha256:1ce934ad424ba13fedf9e0ba97083a6f8f178086438831bc7e2d79fca4b16100",
                "sha256:20f116ca3eefab4eb5e03b86fd44959a26012cf0cf5adfad54f958f15b4e98f1",
                "sha256:2193342dbc815a749d06fb035e86d40e9e22b3bb67558202190ac6f163be5756",
                "sha256:22066ee64221546c0c2e1f24cc7894b3afdf8a283a6f567158b31f32635e2606",
                "sha256:25fbba82e2477d160a3fb4010dd55ffa98e36e0b9bee4042af862b15976fb36f",
                "sha256:27092728cd437cfcfa1336b0d18f4c4bd86d54f82d2a4139cae229caee982ab4",
                "sha256:2f7da35d88d51d2f2ea4ed2e6a1c5b3deff3cbcd2650a11398ea896fc7a53e87",
                "sha256:32f831180959ee8406691bf6fb16289081205b641a813e769458b63ba0783795",
                "sha256:35a1ff048042237c0cd6b7ba137689056987e9094ccf4672c4b39d145d8a6318",
                "sha256:3a308abcce821d2e973c17dbb4981ed6005c45f29bba10e3640a25770f072781",
                "sha256:4316a4f3831ea6330d394f397913772b06db0610a2e90259d52e4d2b20ea8dbb",
                "sha256:524ecfb9017a8421490d1f14763f27818b4eb140ee474bfd0af7f76346bf24f3",
                "sha256:526642d1256b670dadb4f673dc4221d72a1089eddf68ea19ce1fa6c335ed218d",
                "sha256:5c6d47114c2c77b91e570d6753d39f876cfc1ae97c2a469fa3cf9a44c5f87e1e",
                "sha256:6b148283a9fd9b6f734740522122ee0d7346f834b162318781c3204cc08026e8",
                "sha256:6d5c31544ba392c0eaea380283299bdfce266e29a7e9b98ee80f99d4d2d4cef2",
                "sha256:73a0f0de080da9fa3f2e5389512351b9528d56bd4840ab759a9a21002342540c",
                "sha256:755f73fbbbd3f53437edc92d3fd2595462e6c779f30daed93e8d51078e0b6329",
                "sha256:77a8f8899e67211be0fc6009a2bf00da3f6b8ddab10962b4e84ab315803fa119",
                "sha256:7aeddf8e8a1f0e32ecaeb9a1e2c123f4e54bf64428d20b909c917c55637f7bfe",
                "sha256:8084d4b0e5621ba30ca351db25a7a5c171f65da04b2e150deeb0512cda2ce12d",
                "sha256:87fd7f6cf64a7c81dd34a3794a2924dbf09f91a873c558424d8fcf8db54e7781",
                "sha256:8c5a163b3f311b2637506f77bf198188f01c710dc2528fb24023f66720d7c0de",
                "sha256:92d67834e9c5423310a8ee52390c488f2ac9b93a5dce1af13e8b57e0d5f1833e",
                "sha256:92dd6b47aaa87869990b314f42d957500fb0a477c3427281a13e16b8fe82a1f3",
                "sha256:935a46e6cafa1418555a1a2d37e283ec73bac64d876bae7ce36c629bb6a3b378",
                "sha256:9968388169a6a272f2f8b2a53702a501fe8b28b05583af756a55d22ae98cd8a6",
                "sha256:a08481cfba7ec4d42ee0f1e4e790d8a5fb1195944636fc2f3bfb610fdffec675",
                "sha256:a62e0d920f50696a569c630aac5b8174ffdabac974476a2661901e613f916047",
                "sha256:a6886ab9af60033a0f7382e62a1457387820d8397a14504d71e8aeb08a16c9f3",
                "sha256:a78d4d24982bfa875dd0d1084e5c4cf7bb99abcb9dfc2cc3fdedb10050efd9d4",
                "sha256:abefba180f4051cf94e869f1537ffe503f1c37515b6c0149a9cd356f977e0205",
                "sha256:ba67e0b136fb5e5fd417807df85a2da2d6515ccdb9d0c36415aa7bf0fd339445",
                "sha256:bee3dbff164579e113fe9e937c29f54ca34479acd1320d96362dd62d00facbf8",
                "sha256:bf467f40f9d51ef9b49c8ae90ea947af65eeef479b96002f877f443c4c36ce7c",
                "sha256:c0dfb83c0089a2b7f4b0821655f888241d9e6f090d4c98d6a3bf7286de164bdb",
                "sha256:c46a20757c9d0c04582562b2491de9716b26032a0a20e4084e11743ed3b8a51e",
                "sha256:cd7236f6be9af3f2146aad0a5c6462adcff2a08f5bdde7e819b5c6ffdc5c0b8b",
                "sha256:d5e4e3fe761b3332846c2c631a3bc4776bc8e7305bb5f6452fa200b8cf58e7d3",
                "sha256:d686831e152c29cdc785d9480f9df21d4d0e8afef5a06f842fd7c71d05c0a0a8",
                "sha256:d70aeb4f6bd2b01a343db09c034a3632e38cb4102d5c47e15f5d7bbeb7a804ca",
                "sha256:d807d184d89a57e8dbe26f8c1509fd1ac4f25f53805a21df594058c5284c9545",
                "sha256:dac310755ecc660f597d9970970ec01ba0969ef07db939fa40a1d5722a40df7a",
                "sha256:de0047710d3211511ea0401c66d01259b9771bc63f8348f3b26571f0b7557526",
                "sha256:e0d44280da06471309e39a197a1f6364e5a3e98c8d4edbf0da5fd0e3f258a1e7",
                "sha256:e158972d5e1f1caab7d4c0793a4007605d01a803ec5ee639453199742bed0081",
                "sha256:e5794bc4e5a017c0c54c0014bd1120a1b8416ccff7670129ecb90ea95f47c6c4",
                "sha256:e76656ca8bdac262a91d21d5a643c568e8ae8f9f0972cf980bf3be2599e82519",
                "sha256:eb89f9e3572b13c4c07dbec9aa5f2402866b7f66f412a66520005c633cd1ee3d",
                "sha256:eba9ffdd32d0719132c64f40212cacc2a373e7f65d1562e05e981b3396d243ab",
                "sha256:f54faf1db44a00cb6ead4159a74c59c4611b9523b076bfe09df5a51d67aeb9f4",
                "sha256:f6fb271656d96a129f633d01459f5ef6a8d68fe994990c8540b08c29d5ece0e4",
                "sha256:f93043f302a68609e4c2664d42c86c9b03b86f0053760c93fb39b5b07bbf7049",
                "sha256:fde5b8fdef1a7eb98fe47b6a2afee7fd9bc3ede268ac2f0d37aa567d6f72ccc4"
            ],
            "version": "==0.9.3"
        },
        "lz4": {
            "hashes": [
                "sha256:060a69c1b8111c1428a4aabc031e79b861442bf92eeb9a48a97cab9ba4a54194",
                "sha256:1587538466ecb8c18a58425a9513321e218c9518198d3e3b1897876686edd5c7",
                "sha256:3fcd913191a34c59ff07a5b8594d3b61213ae0044bba618f74202722a2efbe2f",
                "sha256:439e575ecfa9ecffcbd63cfed99baefbe422ab9645b1e82278024d8a21d9720b",
                "sha256:48c67beaa312d7f3db66c78cd3d8b4332512489af8ebd9783d4ec735e3337923",
                "sha256:59afeb136957ed7a2058e4ef61cb2d0f5894ca866a8bfca5ff43d49a5cbe4aa2",
                "sha256:6d16fd11e6998d4b48771e345eefb5a800a41fdf7df29ffc6b4cd36fea213172",
                "sha256:6e72e3bc14230db9baf56b05ac15ddc38a9246c414a95ca725af8d5d2226944a",
                "sha256:72945fab7f3ab486ba92a83c43c65736be9775f1b6d5f25b5f89022c476e2705",
                "sha256:a8991ac13743b09cf3d3d69c3ee6991c4e636886dbcdac584a672e38ba14d36f",
                "sha256:a987774fa38fa05a0440344ce839c512d1c51908da5d8cabbb0a2c435922477f",
                "sha256:b089376694da9dfeb7ce3c881b3271f8983c70eea4be5a1f692d97c5880ddd04",
                "sha256:be542ae2466597f31fe37ff5a8a29b124c9b4dc5fef7effa80b194aa887c01ef",
                "sha256:bf1d6dee89ef0fe0835529b9248ba503eaa918cfd1aafa02f2ab61587c387068",
                "sha256:c716eb1cd08c966952c7d8af481b4407db29fd63f151bc23b3783e8b87ddce20",
                "sha256:d36d0cc0942ef2b30ed69a64ded5e10e64061b2f8e8011c99ffea8a3f8d429c5",
                "sha256:dcda8a5fb286251422b271e785b340d551e42f2ffd10953d6aa77a12263d0868",
                "sha256:dcdaf01dc092c192576626a84c9d2fdc79c0a9b03735af9a7c153fda49ac4cfc",
                "sha256:e6dc7f003c010f8198d2ebca7d11b141c1b96f7e350c0fdb5f9b52a1966f79ff",
                "sha256:e87619075e2302f4f2ee4dafebd5e3ff47e09420df34bcfe8fc0839af4f5bac5",
                "sha256:f38880f66f8fbb8fa94cf08a2120f7bee7bf9ad35cf85259b1c3598ba17e5f9e"
            ],
            "markers": "python_version >= '3.5'",
            "version": "==3.1.10"
        },
        "pillow": {
            "hashes": [
                "sha256:03b27b197deb4ee400ed57d8d4e572d2d8d80f825b6634daf6e2c18c3c6ccfa6",
                "sha256:0b281fcadbb688607ea6ece7649c5d59d4bbd574e90db6cd030e9e85bde9fecc",
                "sha256:0ebd8b9137630a7bbbff8c4b31e774ff05bbb90f7911d93ea2c9371e41039b52",
                "sha256:113723312215b25c22df1fdf0e2da7a3b9c357a7d24a93ebbe80bfda4f37a8d4",
                "sha256:2d16b6196fb7a54aff6b5e3ecd00f7c0bab1b56eee39214b2b223a9d938c50af",
                "sha256:2fd8053e1f8ff1844419842fd474fc359676b2e2a2b66b11cc59f4fa0a301315",
                "sha256:31b265496e603985fad54d52d11970383e317d11e18e856971bdbb86af7242a4",
                "sha256:3586e12d874ce2f1bc875a3ffba98732ebb12e18fb6d97be482bd62b56803281",
                "sha256:47f5cf60bcb9fbc46011f75c9b45a8b5ad077ca352a78185bd3e7f1d294b98bb",
                "sha256:490e52e99224858f154975db61c060686df8a6b3f0212a678e5d2e2ce24675c9",
                "sha256:500d397ddf4bbf2ca42e198399ac13e7841956c72645513e8ddf243b31ad2128",
                "sha256:52abae4c96b5da630a8b4247de5428f593465291e5b239f3f843a911a3cf0105",
                "sha256:6579f9ba84a3d4f1807c4aab4be06f373017fc65fff43498885ac50a9b47a553",
                "sha256:68e06f8b2248f6dc8b899c3e7ecf02c9f413aab622f4d6190df53a78b93d97a5",
                "sha256:6c5439bfb35a89cac50e81c751317faea647b9a3ec11c039900cd6915831064d",
                "sha256:72c3110228944019e5f27232296c5923398496b28be42535e3b2dc7297b6e8b6",
                "sha256:72f649d93d4cc4d8cf79c91ebc25137c358718ad75f99e99e043325ea7d56100",
                "sha256:7aaf07085c756f6cb1c692ee0d5a86c531703b6e8c9cae581b31b562c16b98ce",
                "sha256:80fe92813d208ce8aa7d76da878bdc84b90809f79ccbad2a288e9bcbeac1d9bd",
                "sha256:95545137fc56ce8c10de646074d242001a112a92de169986abd8c88c27566a05",
                "sha256:97b6d21771da41497b81652d44191489296555b761684f82b7b544c49989110f",
                "sha256:98cb63ca63cb61f594511c06218ab4394bf80388b3d66cd61d0b1f63ee0ea69f",
                "sha256:9f3b4522148586d35e78313db4db0df4b759ddd7649ef70002b6c3767d0fdeb7",
                "sha256:a09a9d4ec2b7887f7a088bbaacfd5c07160e746e3d47ec5e8050ae3b2a229e9f",
                "sha256:b5050d681bcf5c9f2570b93bee5d3ec8ae4cf23158812f91ed57f7126df91762",
                "sha256:bb47a548cea95b86494a26c89d153fd31122ed65255db5dcbc421a2d28eb3379",
                "sha256:bc462d24500ba707e9cbdef436c16e5c8cbf29908278af053008d9f689f56dee",
                "sha256:c2067b3bb0781f14059b112c9da5a91c80a600a97915b4f48b37f197895dd925",
                "sha256:d154ed971a4cc04b93a6d5b47f37948d1f621f25de3e8fa0c26b2d44f24e3e8f",
                "sha256:d5dcea1387331c905405b09cdbfb34611050cc52c865d71f2362f354faee1e9f",
                "sha256:ee6e2963e92762923956fe5d3479b1fdc3b76c83f290aad131a2f98c3df0593e",
                "sha256:fd0e5062f11cb3e730450a7d9f323f4051b532781026395c4323b8ad055523c4"
            ],
            "markers": "python_version >= '3.7'",
            "version": "==9.0.0"
        },
        "tabulate": {
            "hashes": [
                "sha256:d7c013fe7abbc5e491394e10fa845f8f32fe54f8dc60c6622c6cf482d25d47e4",
                "sha256:eb1d13f25760052e8931f2ef80aaf6045a6cceb47514db8beab24cded16f13a7"
            ],
            "version": "==0.8.9"
        },
        "texture2ddecoder": {
            "hashes": [
                "sha256:07164dee7c151549b0130a3f77a753395d3fe55d62abb132761b58d2937f17df",
                "sha256:0c934d78ee492646ba6a7b6ab2b8f4bf565fbe6e35fe4239c36ec6ee6098fe73",
                "sha256:104b8fe149ca52637bf95b2dec8d582a71f8ae9fc9de9e471026af85a6dca866",
                "sha256:12130d13027b10c5c4e2bd0cb37e0d34723acbc5a30f030f25a5882101b48c02",
                "sha256:12d26e800004f2c5195887e623b996691dd23bb7bf45f9a84cfa20b766f192af",
                "sha256:132bb1b9ec410ff918599e240f77fdc675ae697d43be208fa00c035febd2eb83",
                "sha256:138f19d2f00236bcd9cb3ac9fedc247c602b84a80d5cf8e5a321df1356e596b9",
                "sha256:141218de36d4ee076d4083d8aad0cbd63a3559a61b3ae9ca521e33073bf601d3",
                "sha256:14ef025e7e5bd9ed7252f7a37360a8ee5e00187f67986c64c47fa7ecaa22eb5f",
                "sha256:1b7ebc79a0b6bd2a4a11e8e295f6690486aae7149626970ed2fdf74c6d3c75d7",
                "sha256:1e94aed2ffaebc5024fcb65597884a0e415067f9c25de6889093f489c50d2ec6",
                "sha256:22547f0a2150032216e72295c90bfcbb975725f040978ed76dbe303d592fbfde",
                "sha256:22b0deeb93b3bb72ea7c02669d7aa3163c63b2b587365622ce8c8ce0dbdfc856",
                "sha256:3ca18ac2548d0c6fc8f3eb234116e9560183206278137b1d10f436a5c4143fbc",
                "sha256:4d03327ce192e196a9fd04874618949242cbe8fd11b4178a0aedc7be8d75bcb9",
                "sha256:4f2c264945fc8e6e7595a1e50d9d669afa38b9e72770efe28d6e33436965c2ae",
                "sha256:4f5c1525edab8a6a0cb10958458692e6bbe7105fa50077df8b1203c66a1eae4f",
                "sha256:4fa46485502ca4c02ccb616957adc5b249b58a78ed19e6c3843da75b21f8d938",
                "sha256:538e213760f56030219756f2ecbb31c1172d75ed7bde71e6f4d34c32bb2e95a5",
                "sha256:5526abb7db8abb3a569f19f0795c8e3a99df8f4e5e01db2e63050cb9dd2c7095",
                "sha256:6027b20b62580b1a39b5b76094a20c2d641504d7a350b8e19271e9a03fb3d478",
                "sha256:6319cef8fec644ed584fcf1e43977e5ba9e3682718f64341a27f9a093b270b4f",
                "sha256:63dd8cc397d7c9a418544bf695e67cf389ccf187f25457f2ce0548494bb9f9bb",
                "sha256:64fdb1d6a6d66d2c6e6298fcc9359ba3d4a5c7c8e144c5f54e7cdc2da8330391",
                "sha256:671ea594e0df43ab59b4a87d6f9dcaf3ecb953b047d888e62d38bc79d2176c61",
                "sha256:692bd94b3ed51f361b50377a4d6c40c03d3213a1673215ba17f2687ff9403f2f",
                "sha256:6c33ade94455f52ccb86b3335ef16772c88e8cb3905d2ad5f5f147f933c1fcb8",
                "sha256:71e165b5f1d51ba2e04c33c52ef441b763700752e40167a39e725010f1ee447c",
                "sha256:78a26440c0f6cfcce2ded95ba8b0ea7be5d21733a1412dc7120f047a591ba093",
                "sha256:7965e4fe66c99ef93a3497c9a572a450a2eb9368296070a53332914ecc4be60e",
                "sha256:79f728d45b1f1a6a880eb58e9531ef717174543fedbb844727e97432faceabe1",
                "sha256:7a4e4f8e8dfe608b47a0cc046b43d6a0c701c53b2749803dd338db636fc1df85",
                "sha256:7c6a006e2612a1a5b50367f242a897c64f5bd96e236542070876e745eed90487",
                "sha256:8543eb9b1e19a0ff388cf5c4a6351f4620339163b652f34da792e0cc5a5bf5b3",
                "sha256:882844859e776efdcdae5d28cd42f140351b9049419fa663c308d4923a98fdd2",
                "sha256:8de9042dc0eab723acf5fc3bf8020e4370c99aa4c4673da6f794896163825560",
                "sha256:9049f0c83149288dbc1c2eed0216f839437636e6a5ba1634670308173cc37c2b",
                "sha256:95ffae34511f2a7b939f4e94567c04ce5d694b51a60cd711fdcd679b338c3acb",
                "sha256:995de235672a3838a41482caf5e4e23cbad7397c2cb0518d7134c5c9e7c8baf9",
                "sha256:ac518a3d7ed0b7879cd9669cc3385eaa61f0c4676f7a7473be97b49a7087056d",
                "sha256:b212be32ee5e7af194ef2e028a91334728159e9805fb87a99e2f79c231cd66ab",
                "sha256:bc7022b4907bcea017b5f742f1aa20a6a1f3e08271342bdb9d6265209c559f7e",
                "sha256:bfa4e2eec0e61ef88fdb13bb8688e6ca4b0b209d4cc18bb78b365d1b123edd51",
                "sha256:bff07663e85502fcf50babf7231ad72badf6c000a3e592f1d2c77c7f0a4c67fd",
                "sha256:c5cb5e248fb8a2c86aa2843ad1ac036006a4fb31fd209728ea10bd35063cef6d",
                "sha256:c815a99d30612137628d9fc3d0bb93449caa7c17aea1da88b61af102f60336a5",
                "sha256:d2df7907a350fc4cfe8eb7d8af9ac8da7625b8a013caef1e68f19be8b4aa0d12",
                "sha256:db0b0c6e6b5c370c72a1b454fd29207f346478bc52f52161b01d1387ddd71545",
                "sha256:de7f4d4def670e2e5c855cab55fe8a80b67165d82c88a925c731f0d2f34f0980",
                "sha256:e055104fd0612229b919b4bb7c321296ac9549cb16191ae4dd322eb400dde2d3",
                "sha256:e39ff43629125989edc2070493bf34249a05f316f0bad76617ebd3d660be51fe",
                "sha256:f12312ac79af8179bad7ff92bfa1383be2a10add25dcedaea8e519a034257db7",
                "sha256:f16af4087560e1cbf3807f9ef5f9c31173e4e2ce746bd5f773af7286068ffd92",
                "sha256:f247e8d36cd4fa58c5726c4bca3babb62d727754688898abd19b213eb7755103",
                "sha256:f44fbaae71b33258eb284ac1ef8619e9320c08b9d83a6b0264b70ec65ff30c96",
                "sha256:f52b42f9a748c179829e91c4c10c8865c945116d0e69f1b490fd2430b6834a08",
                "sha256:f5d1ed0d40b8936c5ceeff5a98affc3bfb4034fc2347ca18f0656d06d4a49f1b",
                "sha256:f9ae622f6cb543846f1626e44b9985e7041f6a2a4a0b0aae6d76688d9de0b066",
                "sha256:fb92dfa9cc86515abd437572d48ad7ca6d35aac03f583366fbe49bfe2d278623",
                "sha256:feb904fb3adaf19ac36eddd0cdd8f2a7464d17160e33118c48c7bad43fb71f59"
            ],
            "version": "==1.0.2"
        },
        "unitypy": {
            "hashes": [
                "sha256:71afb25623820966da8001634d36b109ff917c4d7257f10ce15734ecaaa780de",
                "sha256:8578063e0b84b394ee1c91b557e817e901405b6c1502a289cef8c9dbd478eeb3"
            ],
            "index": "pypi",
            "version": "==1.7.28"
        }
    },
    "develop": {}
}
